
Microsoft Visual Studio Solution File, Format Version 12.00
# Visual Studio Version 16
VisualStudioVersion = 16.0.31911.196
MinimumVisualStudioVersion = 10.0.40219.1
Project("{9A19103F-16F7-4668-BE54-9A1E7A4F7556}") = "Groceries.Models", "Groceries.Models\Groceries.Models.csproj", "{B611A237-3104-43C6-B71B-D43AEA770425}"
EndProject
Project("{9A19103F-16F7-4668-BE54-9A1E7A4F7556}") = "Groceries.Web", "Groceries.Web\Groceries.Web.csproj", "{D0731DDE-811F-473C-9705-4CEB18CAFEF3}"
EndProject
Project("{9A19103F-16F7-4668-BE54-9A1E7A4F7556}") = "Groceries.API", "Groceries.API\Groceries.API.csproj", "{E144C9A3-5A90-4C31-B471-0A5C88EF234F}"
EndProject
Global
	GlobalSection(SolutionConfigurationPlatforms) = preSolution
		Debug|Any CPU = Debug|Any CPU
		Release|Any CPU = Release|Any CPU
	EndGlobalSection
	GlobalSection(ProjectConfigurationPlatforms) = postSolution
		{B611A237-3104-43C6-B71B-D43AEA770425}.Debug|Any CPU.ActiveCfg = Debug|Any CPU
		{B611A237-3104-43C6-B71B-D43AEA770425}.Debug|Any CPU.Build.0 = Debug|Any CPU
		{B611A237-3104-43C6-B71B-D43AEA770425}.Release|Any CPU.ActiveCfg = Release|Any CPU
		{B611A237-3104-43C6-B71B-D43AEA770425}.Release|Any CPU.Build.0 = Release|Any CPU
		{D0731DDE-811F-473C-9705-4CEB18CAFEF3}.Debug|Any CPU.ActiveCfg = Debug|Any CPU
		{D0731DDE-811F-473C-9705-4CEB18CAFEF3}.Debug|Any CPU.Build.0 = Debug|Any CPU
		{D0731DDE-811F-473C-9705-4CEB18CAFEF3}.Release|Any CPU.ActiveCfg = Release|Any CPU
		{D0731DDE-811F-473C-9705-4CEB18CAFEF3}.Release|Any CPU.Build.0 = Release|Any CPU
		{E144C9A3-5A90-4C31-B471-0A5C88EF234F}.Debug|Any CPU.ActiveCfg = Debug|Any CPU
		{E144C9A3-5A90-4C31-B471-0A5C88EF234F}.Debug|Any CPU.Build.0 = Debug|Any CPU
		{E144C9A3-5A90-4C31-B471-0A5C88EF234F}.Release|Any CPU.ActiveCfg = Release|Any CPU
		{E144C9A3-5A90-4C31-B471-0A5C88EF234F}.Release|Any CPU.Build.0 = Release|Any CPU
	EndGlobalSection
	GlobalSection(SolutionProperties) = preSolution
		HideSolutionNode = FALSE
	EndGlobalSection
	GlobalSection(ExtensibilityGlobals) = postSolution
		SolutionGuid = {5ECA8DDC-177F-4B1E-A3C7-13EE74DDAFD2}
	EndGlobalSection
EndGlobal
